// !$*UTF8*$!
{
	archiveVersion = 1;
	classes = {
	};
	objectVersion = 56;
	objects = {

/* Begin PBXBuildFile section */
		2700D8EE2C3CFD37005ACDDF /* Localizable.xcstrings in Resources */ = {isa = PBXBuildFile; fileRef = 2700D8ED2C3CFD37005ACDDF /* Localizable.xcstrings */; };
		501F0E8C2C59E6BD00F0113C /* Language.swift in Sources */ = {isa = PBXBuildFile; fileRef = 501F0E8B2C59E6BD00F0113C /* Language.swift */; };
		502E41D62C3CEC990060660E /* Ext+NSAlert.swift in Sources */ = {isa = PBXBuildFile; fileRef = 502E41D52C3CEC990060660E /* Ext+NSAlert.swift */; };
		503D8EBA2C3F838200E173FF /* NotchMenuView.swift in Sources */ = {isa = PBXBuildFile; fileRef = 503D8EB92C3F838200E173FF /* NotchMenuView.swift */; };
		504381882C3A86EC000ED325 /* Assets.xcassets in Resources */ = {isa = PBXBuildFile; fileRef = 504381872C3A86EC000ED325 /* Assets.xcassets */; };
		504381932C3A8755000ED325 /* main.swift in Sources */ = {isa = PBXBuildFile; fileRef = 504381922C3A8755000ED325 /* main.swift */; };
		504381992C3A8893000ED325 /* NotchWindow.swift in Sources */ = {isa = PBXBuildFile; fileRef = 504381982C3A8893000ED325 /* NotchWindow.swift */; };
		5043819B2C3A8A06000ED325 /* AppDelegate.swift in Sources */ = {isa = PBXBuildFile; fileRef = 5043819A2C3A8A06000ED325 /* AppDelegate.swift */; };
		5043819E2C3A8ACA000ED325 /* ColorfulX in Frameworks */ = {isa = PBXBuildFile; productRef = 5043819D2C3A8ACA000ED325 /* ColorfulX */; };
		504381A02C3A8BA1000ED325 /* NotchView.swift in Sources */ = {isa = PBXBuildFile; fileRef = 5043819F2C3A8BA1000ED325 /* NotchView.swift */; };
		504381A22C3A8BE0000ED325 /* Ext+NSScreen.swift in Sources */ = {isa = PBXBuildFile; fileRef = 504381A12C3A8BE0000ED325 /* Ext+NSScreen.swift */; };
		504381A42C3A8C7E000ED325 /* NotchWindowController.swift in Sources */ = {isa = PBXBuildFile; fileRef = 504381A32C3A8C7E000ED325 /* NotchWindowController.swift */; };
		504381A62C3A8CFD000ED325 /* NotchViewController.swift in Sources */ = {isa = PBXBuildFile; fileRef = 504381A52C3A8CFD000ED325 /* NotchViewController.swift */; };
		504381A82C3A926E000ED325 /* NotchViewModel.swift in Sources */ = {isa = PBXBuildFile; fileRef = 504381A72C3A926E000ED325 /* NotchViewModel.swift */; };
		504381AA2C3A9514000ED325 /* EventMonitor.swift in Sources */ = {isa = PBXBuildFile; fileRef = 504381A92C3A9514000ED325 /* EventMonitor.swift */; };
		504381AC2C3A95BD000ED325 /* EventMonitors.swift in Sources */ = {isa = PBXBuildFile; fileRef = 504381AB2C3A95BD000ED325 /* EventMonitors.swift */; };
		504381AF2C3ADFF2000ED325 /* NotchContentView.swift in Sources */ = {isa = PBXBuildFile; fileRef = 504381AE2C3ADFF2000ED325 /* NotchContentView.swift */; };
		504381B12C3AE0B6000ED325 /* NotchHeaderView.swift in Sources */ = {isa = PBXBuildFile; fileRef = 504381B02C3AE0B6000ED325 /* NotchHeaderView.swift */; };
		5044EE972C3B063400071C5C /* AirDrop+View.swift in Sources */ = {isa = PBXBuildFile; fileRef = 5044EE962C3B063400071C5C /* AirDrop+View.swift */; };
		5044EE992C3B069200071C5C /* TrayDrop+View.swift in Sources */ = {isa = PBXBuildFile; fileRef = 5044EE982C3B069200071C5C /* TrayDrop+View.swift */; };
		5044EE9C2C3B082300071C5C /* Pow in Frameworks */ = {isa = PBXBuildFile; productRef = 5044EE9B2C3B082300071C5C /* Pow */; };
		5044EE9E2C3B0F3D00071C5C /* Ext+FileProvider.swift in Sources */ = {isa = PBXBuildFile; fileRef = 5044EE9D2C3B0F3D00071C5C /* Ext+FileProvider.swift */; };
		5044EEA02C3B116000071C5C /* PublishedPersist.swift in Sources */ = {isa = PBXBuildFile; fileRef = 5044EE9F2C3B116000071C5C /* PublishedPersist.swift */; };
		5044EEA22C3B126F00071C5C /* TrayDrop+DropItemView.swift in Sources */ = {isa = PBXBuildFile; fileRef = 5044EEA12C3B126F00071C5C /* TrayDrop+DropItemView.swift */; };
		5044EEA42C3B140F00071C5C /* Ext+URL.swift in Sources */ = {isa = PBXBuildFile; fileRef = 5044EEA32C3B140F00071C5C /* Ext+URL.swift */; };
		5044EEA72C3B174100071C5C /* BitCollections in Frameworks */ = {isa = PBXBuildFile; productRef = 5044EEA62C3B174100071C5C /* BitCollections */; };
		5044EEA92C3B174100071C5C /* Collections in Frameworks */ = {isa = PBXBuildFile; productRef = 5044EEA82C3B174100071C5C /* Collections */; };
		5044EEAB2C3B174100071C5C /* DequeModule in Frameworks */ = {isa = PBXBuildFile; productRef = 5044EEAA2C3B174100071C5C /* DequeModule */; };
		5044EEAD2C3B174100071C5C /* HashTreeCollections in Frameworks */ = {isa = PBXBuildFile; productRef = 5044EEAC2C3B174100071C5C /* HashTreeCollections */; };
		5044EEAF2C3B174100071C5C /* HeapModule in Frameworks */ = {isa = PBXBuildFile; productRef = 5044EEAE2C3B174100071C5C /* HeapModule */; };
		504A5D802C59EC2D004E8297 /* LaunchAtLogin in Frameworks */ = {isa = PBXBuildFile; productRef = 504A5D7F2C59EC2D004E8297 /* LaunchAtLogin */; };
		508C4DF22C631EF700642ADC /* InfoPlist.xcstrings in Resources */ = {isa = PBXBuildFile; fileRef = 508C4DF12C631EF700642ADC /* InfoPlist.xcstrings */; };
		50CB767E2C3BC8880070D5E6 /* NotchViewModel+Events.swift in Sources */ = {isa = PBXBuildFile; fileRef = 50CB767D2C3BC8880070D5E6 /* NotchViewModel+Events.swift */; };
		50E26E252C3AF2F1007CF247 /* AirDrop.swift in Sources */ = {isa = PBXBuildFile; fileRef = 50E26E242C3AF2F1007CF247 /* AirDrop.swift */; };
		50E26E272C3AF5E9007CF247 /* TrayDrop.swift in Sources */ = {isa = PBXBuildFile; fileRef = 50E26E262C3AF5E9007CF247 /* TrayDrop.swift */; };
		50E26E292C3AF67B007CF247 /* TrayDrop+DropItem.swift in Sources */ = {isa = PBXBuildFile; fileRef = 50E26E282C3AF67B007CF247 /* TrayDrop+DropItem.swift */; };
		50EFDB522C3BF7B4002D3E0F /* Ext+NSImage.swift in Sources */ = {isa = PBXBuildFile; fileRef = 50EFDB512C3BF7B4002D3E0F /* Ext+NSImage.swift */; };
		60AD62872C579F4400299297 /* NotchSettingsView.swift in Sources */ = {isa = PBXBuildFile; fileRef = 60AD62862C579F4400299297 /* NotchSettingsView.swift */; };
/* End PBXBuildFile section */

/* Begin PBXFileReference section */
		2700D8ED2C3CFD37005ACDDF /* Localizable.xcstrings */ = {isa = PBXFileReference; lastKnownFileType = text.json.xcstrings; path = Localizable.xcstrings; sourceTree = "<group>"; };
		501F0E8B2C59E6BD00F0113C /* Language.swift */ = {isa = PBXFileReference; lastKnownFileType = sourcecode.swift; path = Language.swift; sourceTree = "<group>"; };
		502E41D52C3CEC990060660E /* Ext+NSAlert.swift */ = {isa = PBXFileReference; lastKnownFileType = sourcecode.swift; path = "Ext+NSAlert.swift"; sourceTree = "<group>"; };
		503D8EB92C3F838200E173FF /* NotchMenuView.swift */ = {isa = PBXFileReference; lastKnownFileType = sourcecode.swift; path = NotchMenuView.swift; sourceTree = "<group>"; };
		504381802C3A86EA000ED325 /* NotchDrop.app */ = {isa = PBXFileReference; explicitFileType = wrapper.application; includeInIndex = 0; path = NotchDrop.app; sourceTree = BUILT_PRODUCTS_DIR; };
		504381872C3A86EC000ED325 /* Assets.xcassets */ = {isa = PBXFileReference; lastKnownFileType = folder.assetcatalog; path = Assets.xcassets; sourceTree = "<group>"; };
		5043818C2C3A86EC000ED325 /* NotchDrop.entitlements */ = {isa = PBXFileReference; lastKnownFileType = text.plist.entitlements; path = NotchDrop.entitlements; sourceTree = "<group>"; };
		504381922C3A8755000ED325 /* main.swift */ = {isa = PBXFileReference; lastKnownFileType = sourcecode.swift; path = main.swift; sourceTree = "<group>"; };
		504381982C3A8893000ED325 /* NotchWindow.swift */ = {isa = PBXFileReference; lastKnownFileType = sourcecode.swift; path = NotchWindow.swift; sourceTree = "<group>"; };
		5043819A2C3A8A06000ED325 /* AppDelegate.swift */ = {isa = PBXFileReference; lastKnownFileType = sourcecode.swift; path = AppDelegate.swift; sourceTree = "<group>"; };
		5043819F2C3A8BA1000ED325 /* NotchView.swift */ = {isa = PBXFileReference; lastKnownFileType = sourcecode.swift; path = NotchView.swift; sourceTree = "<group>"; };
		504381A12C3A8BE0000ED325 /* Ext+NSScreen.swift */ = {isa = PBXFileReference; lastKnownFileType = sourcecode.swift; path = "Ext+NSScreen.swift"; sourceTree = "<group>"; };
		504381A32C3A8C7E000ED325 /* NotchWindowController.swift */ = {isa = PBXFileReference; lastKnownFileType = sourcecode.swift; path = NotchWindowController.swift; sourceTree = "<group>"; };
		504381A52C3A8CFD000ED325 /* NotchViewController.swift */ = {isa = PBXFileReference; lastKnownFileType = sourcecode.swift; path = NotchViewController.swift; sourceTree = "<group>"; };
		504381A72C3A926E000ED325 /* NotchViewModel.swift */ = {isa = PBXFileReference; lastKnownFileType = sourcecode.swift; path = NotchViewModel.swift; sourceTree = "<group>"; };
		504381A92C3A9514000ED325 /* EventMonitor.swift */ = {isa = PBXFileReference; lastKnownFileType = sourcecode.swift; path = EventMonitor.swift; sourceTree = "<group>"; };
		504381AB2C3A95BD000ED325 /* EventMonitors.swift */ = {isa = PBXFileReference; lastKnownFileType = sourcecode.swift; path = EventMonitors.swift; sourceTree = "<group>"; };
		504381AE2C3ADFF2000ED325 /* NotchContentView.swift */ = {isa = PBXFileReference; lastKnownFileType = sourcecode.swift; path = NotchContentView.swift; sourceTree = "<group>"; };
		504381B02C3AE0B6000ED325 /* NotchHeaderView.swift */ = {isa = PBXFileReference; lastKnownFileType = sourcecode.swift; path = NotchHeaderView.swift; sourceTree = "<group>"; };
		5044EE962C3B063400071C5C /* AirDrop+View.swift */ = {isa = PBXFileReference; lastKnownFileType = sourcecode.swift; path = "AirDrop+View.swift"; sourceTree = "<group>"; };
		5044EE982C3B069200071C5C /* TrayDrop+View.swift */ = {isa = PBXFileReference; lastKnownFileType = sourcecode.swift; path = "TrayDrop+View.swift"; sourceTree = "<group>"; };
		5044EE9D2C3B0F3D00071C5C /* Ext+FileProvider.swift */ = {isa = PBXFileReference; lastKnownFileType = sourcecode.swift; path = "Ext+FileProvider.swift"; sourceTree = "<group>"; };
		5044EE9F2C3B116000071C5C /* PublishedPersist.swift */ = {isa = PBXFileReference; lastKnownFileType = sourcecode.swift; path = PublishedPersist.swift; sourceTree = "<group>"; };
		5044EEA12C3B126F00071C5C /* TrayDrop+DropItemView.swift */ = {isa = PBXFileReference; lastKnownFileType = sourcecode.swift; path = "TrayDrop+DropItemView.swift"; sourceTree = "<group>"; };
		5044EEA32C3B140F00071C5C /* Ext+URL.swift */ = {isa = PBXFileReference; lastKnownFileType = sourcecode.swift; path = "Ext+URL.swift"; sourceTree = "<group>"; };
		508C4DF12C631EF700642ADC /* InfoPlist.xcstrings */ = {isa = PBXFileReference; lastKnownFileType = text.json.xcstrings; path = InfoPlist.xcstrings; sourceTree = "<group>"; };
		50CB767D2C3BC8880070D5E6 /* NotchViewModel+Events.swift */ = {isa = PBXFileReference; lastKnownFileType = sourcecode.swift; path = "NotchViewModel+Events.swift"; sourceTree = "<group>"; };
		50D7EFF22C3E484C005AC04E /* Info.plist */ = {isa = PBXFileReference; lastKnownFileType = text.plist; path = Info.plist; sourceTree = "<group>"; };
		50E26E242C3AF2F1007CF247 /* AirDrop.swift */ = {isa = PBXFileReference; lastKnownFileType = sourcecode.swift; path = AirDrop.swift; sourceTree = "<group>"; };
		50E26E262C3AF5E9007CF247 /* TrayDrop.swift */ = {isa = PBXFileReference; lastKnownFileType = sourcecode.swift; path = TrayDrop.swift; sourceTree = "<group>"; };
		50E26E282C3AF67B007CF247 /* TrayDrop+DropItem.swift */ = {isa = PBXFileReference; lastKnownFileType = sourcecode.swift; path = "TrayDrop+DropItem.swift"; sourceTree = "<group>"; };
		50EFDB512C3BF7B4002D3E0F /* Ext+NSImage.swift */ = {isa = PBXFileReference; lastKnownFileType = sourcecode.swift; path = "Ext+NSImage.swift"; sourceTree = "<group>"; };
		60AD62862C579F4400299297 /* NotchSettingsView.swift */ = {isa = PBXFileReference; lastKnownFileType = sourcecode.swift; path = NotchSettingsView.swift; sourceTree = "<group>"; };
/* End PBXFileReference section */

/* Begin PBXFrameworksBuildPhase section */
		5043817D2C3A86EA000ED325 /* Frameworks */ = {
			isa = PBXFrameworksBuildPhase;
			buildActionMask = 2147483647;
			files = (
				5044EEAD2C3B174100071C5C /* HashTreeCollections in Frameworks */,
				5043819E2C3A8ACA000ED325 /* ColorfulX in Frameworks */,
				5044EE9C2C3B082300071C5C /* Pow in Frameworks */,
				5044EEAF2C3B174100071C5C /* HeapModule in Frameworks */,
				5044EEAB2C3B174100071C5C /* DequeModule in Frameworks */,
				5044EEA92C3B174100071C5C /* Collections in Frameworks */,
				504A5D802C59EC2D004E8297 /* LaunchAtLogin in Frameworks */,
				5044EEA72C3B174100071C5C /* BitCollections in Frameworks */,
			);
			runOnlyForDeploymentPostprocessing = 0;
		};
/* End PBXFrameworksBuildPhase section */

/* Begin PBXGroup section */
		504381772C3A86EA000ED325 = {
			isa = PBXGroup;
			children = (
				504381822C3A86EA000ED325 /* NotchDrop */,
				504381812C3A86EA000ED325 /* Products */,
				504381AD2C3ADDAB000ED325 /* Frameworks */,
			);
			sourceTree = "<group>";
		};
		504381812C3A86EA000ED325 /* Products */ = {
			isa = PBXGroup;
			children = (
				504381802C3A86EA000ED325 /* NotchDrop.app */,
			);
			name = Products;
			sourceTree = "<group>";
		};
		504381822C3A86EA000ED325 /* NotchDrop */ = {
			isa = PBXGroup;
			children = (
				50D7EFF22C3E484C005AC04E /* Info.plist */,
				5043818C2C3A86EC000ED325 /* NotchDrop.entitlements */,
				2700D8ED2C3CFD37005ACDDF /* Localizable.xcstrings */,
				508C4DF12C631EF700642ADC /* InfoPlist.xcstrings */,
				504381872C3A86EC000ED325 /* Assets.xcassets */,
				504381922C3A8755000ED325 /* main.swift */,
				5043819A2C3A8A06000ED325 /* AppDelegate.swift */,
				501F0E8B2C59E6BD00F0113C /* Language.swift */,
				504381982C3A8893000ED325 /* NotchWindow.swift */,
				504381A32C3A8C7E000ED325 /* NotchWindowController.swift */,
				5043819F2C3A8BA1000ED325 /* NotchView.swift */,
				504381B02C3AE0B6000ED325 /* NotchHeaderView.swift */,
				503D8EB92C3F838200E173FF /* NotchMenuView.swift */,
				504381AE2C3ADFF2000ED325 /* NotchContentView.swift */,
				60AD62862C579F4400299297 /* NotchSettingsView.swift */,
				504381A52C3A8CFD000ED325 /* NotchViewController.swift */,
				504381A72C3A926E000ED325 /* NotchViewModel.swift */,
				50CB767D2C3BC8880070D5E6 /* NotchViewModel+Events.swift */,
				504381A92C3A9514000ED325 /* EventMonitor.swift */,
				504381AB2C3A95BD000ED325 /* EventMonitors.swift */,
				50E26E242C3AF2F1007CF247 /* AirDrop.swift */,
				5044EE962C3B063400071C5C /* AirDrop+View.swift */,
				50E26E262C3AF5E9007CF247 /* TrayDrop.swift */,
				50E26E282C3AF67B007CF247 /* TrayDrop+DropItem.swift */,
				5044EE982C3B069200071C5C /* TrayDrop+View.swift */,
				5044EEA12C3B126F00071C5C /* TrayDrop+DropItemView.swift */,
				5044EEA32C3B140F00071C5C /* Ext+URL.swift */,
				50EFDB512C3BF7B4002D3E0F /* Ext+NSImage.swift */,
				504381A12C3A8BE0000ED325 /* Ext+NSScreen.swift */,
				5044EE9D2C3B0F3D00071C5C /* Ext+FileProvider.swift */,
				502E41D52C3CEC990060660E /* Ext+NSAlert.swift */,
				5044EE9F2C3B116000071C5C /* PublishedPersist.swift */,
			);
			path = NotchDrop;
			sourceTree = "<group>";
		};
		504381AD2C3ADDAB000ED325 /* Frameworks */ = {
			isa = PBXGroup;
			children = (
			);
			name = Frameworks;
			sourceTree = "<group>";
		};
/* End PBXGroup section */

/* Begin PBXNativeTarget section */
		5043817F2C3A86EA000ED325 /* NotchDrop */ = {
			isa = PBXNativeTarget;
			buildConfigurationList = 5043818F2C3A86EC000ED325 /* Build configuration list for PBXNativeTarget "NotchDrop" */;
			buildPhases = (
				5043817C2C3A86EA000ED325 /* Sources */,
				5043817D2C3A86EA000ED325 /* Frameworks */,
				5043817E2C3A86EA000ED325 /* Resources */,
			);
			buildRules = (
			);
			dependencies = (
			);
			name = NotchDrop;
			packageProductDependencies = (
				5043819D2C3A8ACA000ED325 /* ColorfulX */,
				5044EE9B2C3B082300071C5C /* Pow */,
				5044EEA62C3B174100071C5C /* BitCollections */,
				5044EEA82C3B174100071C5C /* Collections */,
				5044EEAA2C3B174100071C5C /* DequeModule */,
				5044EEAC2C3B174100071C5C /* HashTreeCollections */,
				5044EEAE2C3B174100071C5C /* HeapModule */,
				504A5D7F2C59EC2D004E8297 /* LaunchAtLogin */,
			);
			productName = NotchDrop;
			productReference = 504381802C3A86EA000ED325 /* NotchDrop.app */;
			productType = "com.apple.product-type.application";
		};
/* End PBXNativeTarget section */

/* Begin PBXProject section */
		504381782C3A86EA000ED325 /* Project object */ = {
			isa = PBXProject;
			attributes = {
				BuildIndependentTargetsInParallel = 1;
				LastSwiftUpdateCheck = 1540;
				LastUpgradeCheck = 1540;
				TargetAttributes = {
					5043817F2C3A86EA000ED325 = {
						CreatedOnToolsVersion = 15.4;
					};
				};
			};
			buildConfigurationList = 5043817B2C3A86EA000ED325 /* Build configuration list for PBXProject "NotchDrop" */;
			compatibilityVersion = "Xcode 14.0";
			developmentRegion = en;
			hasScannedForEncodings = 0;
			knownRegions = (
				en,
				Base,
				"zh-Hans",
				"zh-Hant",
				ja,
				fr,
			);
			mainGroup = 504381772C3A86EA000ED325;
			packageReferences = (
				5043819C2C3A8ACA000ED325 /* XCRemoteSwiftPackageReference "ColorfulX" */,
				5044EE9A2C3B082300071C5C /* XCRemoteSwiftPackageReference "Pow" */,
				5044EEA52C3B174100071C5C /* XCRemoteSwiftPackageReference "swift-collections" */,
				504A5D7E2C59EC2D004E8297 /* XCRemoteSwiftPackageReference "LaunchAtLogin-Modern" */,
			);
			productRefGroup = 504381812C3A86EA000ED325 /* Products */;
			projectDirPath = "";
			projectRoot = "";
			targets = (
				5043817F2C3A86EA000ED325 /* NotchDrop */,
			);
		};
/* End PBXProject section */

/* Begin PBXResourcesBuildPhase section */
		5043817E2C3A86EA000ED325 /* Resources */ = {
			isa = PBXResourcesBuildPhase;
			buildActionMask = 2147483647;
			files = (
				508C4DF22C631EF700642ADC /* InfoPlist.xcstrings in Resources */,
				504381882C3A86EC000ED325 /* Assets.xcassets in Resources */,
				2700D8EE2C3CFD37005ACDDF /* Localizable.xcstrings in Resources */,
			);
			runOnlyForDeploymentPostprocessing = 0;
		};
/* End PBXResourcesBuildPhase section */

/* Begin PBXSourcesBuildPhase section */
		5043817C2C3A86EA000ED325 /* Sources */ = {
			isa = PBXSourcesBuildPhase;
			buildActionMask = 2147483647;
			files = (
				504381992C3A8893000ED325 /* NotchWindow.swift in Sources */,
				5044EEA22C3B126F00071C5C /* TrayDrop+DropItemView.swift in Sources */,
				504381AF2C3ADFF2000ED325 /* NotchContentView.swift in Sources */,
				504381A02C3A8BA1000ED325 /* NotchView.swift in Sources */,
				503D8EBA2C3F838200E173FF /* NotchMenuView.swift in Sources */,
				50EFDB522C3BF7B4002D3E0F /* Ext+NSImage.swift in Sources */,
				50E26E272C3AF5E9007CF247 /* TrayDrop.swift in Sources */,
				5044EE9E2C3B0F3D00071C5C /* Ext+FileProvider.swift in Sources */,
				504381A42C3A8C7E000ED325 /* NotchWindowController.swift in Sources */,
				504381B12C3AE0B6000ED325 /* NotchHeaderView.swift in Sources */,
				50E26E292C3AF67B007CF247 /* TrayDrop+DropItem.swift in Sources */,
				504381A22C3A8BE0000ED325 /* Ext+NSScreen.swift in Sources */,
				5044EE972C3B063400071C5C /* AirDrop+View.swift in Sources */,
				50E26E252C3AF2F1007CF247 /* AirDrop.swift in Sources */,
				5044EEA42C3B140F00071C5C /* Ext+URL.swift in Sources */,
				5044EE992C3B069200071C5C /* TrayDrop+View.swift in Sources */,
				50CB767E2C3BC8880070D5E6 /* NotchViewModel+Events.swift in Sources */,
				504381AC2C3A95BD000ED325 /* EventMonitors.swift in Sources */,
				502E41D62C3CEC990060660E /* Ext+NSAlert.swift in Sources */,
				504381A62C3A8CFD000ED325 /* NotchViewController.swift in Sources */,
				504381AA2C3A9514000ED325 /* EventMonitor.swift in Sources */,
				501F0E8C2C59E6BD00F0113C /* Language.swift in Sources */,
				5043819B2C3A8A06000ED325 /* AppDelegate.swift in Sources */,
				504381932C3A8755000ED325 /* main.swift in Sources */,
				60AD62872C579F4400299297 /* NotchSettingsView.swift in Sources */,
				504381A82C3A926E000ED325 /* NotchViewModel.swift in Sources */,
				5044EEA02C3B116000071C5C /* PublishedPersist.swift in Sources */,
			);
			runOnlyForDeploymentPostprocessing = 0;
		};
/* End PBXSourcesBuildPhase section */

/* Begin XCBuildConfiguration section */
		5043818D2C3A86EC000ED325 /* Debug */ = {
			isa = XCBuildConfiguration;
			buildSettings = {
				ALWAYS_SEARCH_USER_PATHS = NO;
				ASSETCATALOG_COMPILER_GENERATE_SWIFT_ASSET_SYMBOL_EXTENSIONS = YES;
				CLANG_ANALYZER_LOCALIZABILITY_NONLOCALIZED = YES;
				CLANG_ANALYZER_NONNULL = YES;
				CLANG_ANALYZER_NUMBER_OBJECT_CONVERSION = YES_AGGRESSIVE;
				CLANG_CXX_LANGUAGE_STANDARD = "gnu++20";
				CLANG_ENABLE_MODULES = YES;
				CLANG_ENABLE_OBJC_ARC = YES;
				CLANG_ENABLE_OBJC_WEAK = YES;
				CLANG_WARN_BLOCK_CAPTURE_AUTORELEASING = YES;
				CLANG_WARN_BOOL_CONVERSION = YES;
				CLANG_WARN_COMMA = YES;
				CLANG_WARN_CONSTANT_CONVERSION = YES;
				CLANG_WARN_DEPRECATED_OBJC_IMPLEMENTATIONS = YES;
				CLANG_WARN_DIRECT_OBJC_ISA_USAGE = YES_ERROR;
				CLANG_WARN_DOCUMENTATION_COMMENTS = YES;
				CLANG_WARN_EMPTY_BODY = YES;
				CLANG_WARN_ENUM_CONVERSION = YES;
				CLANG_WARN_INFINITE_RECURSION = YES;
				CLANG_WARN_INT_CONVERSION = YES;
				CLANG_WARN_NON_LITERAL_NULL_CONVERSION = YES;
				CLANG_WARN_OBJC_IMPLICIT_RETAIN_SELF = YES;
				CLANG_WARN_OBJC_LITERAL_CONVERSION = YES;
				CLANG_WARN_OBJC_ROOT_CLASS = YES_ERROR;
				CLANG_WARN_QUOTED_INCLUDE_IN_FRAMEWORK_HEADER = YES;
				CLANG_WARN_RANGE_LOOP_ANALYSIS = YES;
				CLANG_WARN_STRICT_PROTOTYPES = YES;
				CLANG_WARN_SUSPICIOUS_MOVE = YES;
				CLANG_WARN_UNGUARDED_AVAILABILITY = YES_AGGRESSIVE;
				CLANG_WARN_UNREACHABLE_CODE = YES;
				CLANG_WARN__DUPLICATE_METHOD_MATCH = YES;
				COPY_PHASE_STRIP = NO;
				DEBUG_INFORMATION_FORMAT = dwarf;
				ENABLE_STRICT_OBJC_MSGSEND = YES;
				ENABLE_TESTABILITY = YES;
				ENABLE_USER_SCRIPT_SANDBOXING = YES;
				GCC_C_LANGUAGE_STANDARD = gnu17;
				GCC_DYNAMIC_NO_PIC = NO;
				GCC_NO_COMMON_BLOCKS = YES;
				GCC_OPTIMIZATION_LEVEL = 0;
				GCC_PREPROCESSOR_DEFINITIONS = (
					"DEBUG=1",
					"$(inherited)",
				);
				GCC_WARN_64_TO_32_BIT_CONVERSION = YES;
				GCC_WARN_ABOUT_RETURN_TYPE = YES_ERROR;
				GCC_WARN_UNDECLARED_SELECTOR = YES;
				GCC_WARN_UNINITIALIZED_AUTOS = YES_AGGRESSIVE;
				GCC_WARN_UNUSED_FUNCTION = YES;
				GCC_WARN_UNUSED_VARIABLE = YES;
				LOCALIZATION_PREFERS_STRING_CATALOGS = YES;
				MACOSX_DEPLOYMENT_TARGET = 14.5;
				MTL_ENABLE_DEBUG_INFO = INCLUDE_SOURCE;
				MTL_FAST_MATH = YES;
				ONLY_ACTIVE_ARCH = YES;
				SDKROOT = macosx;
				SWIFT_ACTIVE_COMPILATION_CONDITIONS = "DEBUG $(inherited)";
				SWIFT_EMIT_LOC_STRINGS = YES;
				SWIFT_OPTIMIZATION_LEVEL = "-Onone";
			};
			name = Debug;
		};
		5043818E2C3A86EC000ED325 /* Release */ = {
			isa = XCBuildConfiguration;
			buildSettings = {
				ALWAYS_SEARCH_USER_PATHS = NO;
				ASSETCATALOG_COMPILER_GENERATE_SWIFT_ASSET_SYMBOL_EXTENSIONS = YES;
				CLANG_ANALYZER_LOCALIZABILITY_NONLOCALIZED = YES;
				CLANG_ANALYZER_NONNULL = YES;
				CLANG_ANALYZER_NUMBER_OBJECT_CONVERSION = YES_AGGRESSIVE;
				CLANG_CXX_LANGUAGE_STANDARD = "gnu++20";
				CLANG_ENABLE_MODULES = YES;
				CLANG_ENABLE_OBJC_ARC = YES;
				CLANG_ENABLE_OBJC_WEAK = YES;
				CLANG_WARN_BLOCK_CAPTURE_AUTORELEASING = YES;
				CLANG_WARN_BOOL_CONVERSION = YES;
				CLANG_WARN_COMMA = YES;
				CLANG_WARN_CONSTANT_CONVERSION = YES;
				CLANG_WARN_DEPRECATED_OBJC_IMPLEMENTATIONS = YES;
				CLANG_WARN_DIRECT_OBJC_ISA_USAGE = YES_ERROR;
				CLANG_WARN_DOCUMENTATION_COMMENTS = YES;
				CLANG_WARN_EMPTY_BODY = YES;
				CLANG_WARN_ENUM_CONVERSION = YES;
				CLANG_WARN_INFINITE_RECURSION = YES;
				CLANG_WARN_INT_CONVERSION = YES;
				CLANG_WARN_NON_LITERAL_NULL_CONVERSION = YES;
				CLANG_WARN_OBJC_IMPLICIT_RETAIN_SELF = YES;
				CLANG_WARN_OBJC_LITERAL_CONVERSION = YES;
				CLANG_WARN_OBJC_ROOT_CLASS = YES_ERROR;
				CLANG_WARN_QUOTED_INCLUDE_IN_FRAMEWORK_HEADER = YES;
				CLANG_WARN_RANGE_LOOP_ANALYSIS = YES;
				CLANG_WARN_STRICT_PROTOTYPES = YES;
				CLANG_WARN_SUSPICIOUS_MOVE = YES;
				CLANG_WARN_UNGUARDED_AVAILABILITY = YES_AGGRESSIVE;
				CLANG_WARN_UNREACHABLE_CODE = YES;
				CLANG_WARN__DUPLICATE_METHOD_MATCH = YES;
				COPY_PHASE_STRIP = NO;
				DEBUG_INFORMATION_FORMAT = "dwarf-with-dsym";
				ENABLE_NS_ASSERTIONS = NO;
				ENABLE_STRICT_OBJC_MSGSEND = YES;
				ENABLE_USER_SCRIPT_SANDBOXING = YES;
				GCC_C_LANGUAGE_STANDARD = gnu17;
				GCC_NO_COMMON_BLOCKS = YES;
				GCC_WARN_64_TO_32_BIT_CONVERSION = YES;
				GCC_WARN_ABOUT_RETURN_TYPE = YES_ERROR;
				GCC_WARN_UNDECLARED_SELECTOR = YES;
				GCC_WARN_UNINITIALIZED_AUTOS = YES_AGGRESSIVE;
				GCC_WARN_UNUSED_FUNCTION = YES;
				GCC_WARN_UNUSED_VARIABLE = YES;
				LOCALIZATION_PREFERS_STRING_CATALOGS = YES;
				MACOSX_DEPLOYMENT_TARGET = 14.5;
				MTL_ENABLE_DEBUG_INFO = NO;
				MTL_FAST_MATH = YES;
				SDKROOT = macosx;
				SWIFT_COMPILATION_MODE = wholemodule;
				SWIFT_EMIT_LOC_STRINGS = YES;
			};
			name = Release;
		};
		504381902C3A86EC000ED325 /* Debug */ = {
			isa = XCBuildConfiguration;
			buildSettings = {
				ASSETCATALOG_COMPILER_APPICON_NAME = AppIcon;
				ASSETCATALOG_COMPILER_GLOBAL_ACCENT_COLOR_NAME = AccentColor;
				CODE_SIGN_ENTITLEMENTS = NotchDrop/NotchDrop.entitlements;
				"CODE_SIGN_IDENTITY[sdk=macosx*]" = "Apple Development";
				CODE_SIGN_STYLE = Automatic;
				COMBINE_HIDPI_IMAGES = YES;
				CURRENT_PROJECT_VERSION = 38;
				DEVELOPMENT_TEAM = 964G86XT2P;
				ENABLE_HARDENED_RUNTIME = YES;
				ENABLE_PREVIEWS = YES;
				GENERATE_INFOPLIST_FILE = YES;
				INFOPLIST_FILE = NotchDrop/Info.plist;
				INFOPLIST_KEY_CFBundleDisplayName = NotchDrop;
				INFOPLIST_KEY_LSApplicationCategoryType = "public.app-category.utilities";
				INFOPLIST_KEY_NSHumanReadableCopyright = "Copyright © 2024 Lakr Aream. All rights reserved.";
				LD_RUNPATH_SEARCH_PATHS = (
					"$(inherited)",
					"@executable_path/../Frameworks",
				);
				MACOSX_DEPLOYMENT_TARGET = 13.0;
				MARKETING_VERSION = 2.14;
				PRODUCT_BUNDLE_IDENTIFIER = wiki.qaq.NotchDrop;
				PRODUCT_NAME = "$(TARGET_NAME)";
				SWIFT_EMIT_LOC_STRINGS = YES;
				SWIFT_VERSION = 5.0;
			};
			name = Debug;
		};
		504381912C3A86EC000ED325 /* Release */ = {
			isa = XCBuildConfiguration;
			buildSettings = {
				ASSETCATALOG_COMPILER_APPICON_NAME = AppIcon;
				ASSETCATALOG_COMPILER_GLOBAL_ACCENT_COLOR_NAME = AccentColor;
				CODE_SIGN_ENTITLEMENTS = NotchDrop/NotchDrop.entitlements;
				"CODE_SIGN_IDENTITY[sdk=macosx*]" = "Apple Development";
				CODE_SIGN_STYLE = Automatic;
				COMBINE_HIDPI_IMAGES = YES;
				CURRENT_PROJECT_VERSION = 38;
				DEVELOPMENT_TEAM = 964G86XT2P;
				ENABLE_HARDENED_RUNTIME = YES;
				ENABLE_PREVIEWS = YES;
				GENERATE_INFOPLIST_FILE = YES;
				INFOPLIST_FILE = NotchDrop/Info.plist;
				INFOPLIST_KEY_CFBundleDisplayName = NotchDrop;
				INFOPLIST_KEY_LSApplicationCategoryType = "public.app-category.utilities";
				INFOPLIST_KEY_NSHumanReadableCopyright = "Copyright © 2024 Lakr Aream. All rights reserved.";
				LD_RUNPATH_SEARCH_PATHS = (
					"$(inherited)",
					"@executable_path/../Frameworks",
				);
				MACOSX_DEPLOYMENT_TARGET = 13.0;
				MARKETING_VERSION = 2.14;
				PRODUCT_BUNDLE_IDENTIFIER = wiki.qaq.NotchDrop;
				PRODUCT_NAME = "$(TARGET_NAME)";
				SWIFT_EMIT_LOC_STRINGS = YES;
				SWIFT_VERSION = 5.0;
			};
			name = Release;
		};
/* End XCBuildConfiguration section */

/* Begin XCConfigurationList section */
		5043817B2C3A86EA000ED325 /* Build configuration list for PBXProject "NotchDrop" */ = {
			isa = XCConfigurationList;
			buildConfigurations = (
				5043818D2C3A86EC000ED325 /* Debug */,
				5043818E2C3A86EC000ED325 /* Release */,
			);
			defaultConfigurationIsVisible = 0;
			defaultConfigurationName = Release;
		};
		5043818F2C3A86EC000ED325 /* Build configuration list for PBXNativeTarget "NotchDrop" */ = {
			isa = XCConfigurationList;
			buildConfigurations = (
				504381902C3A86EC000ED325 /* Debug */,
				504381912C3A86EC000ED325 /* Release */,
			);
			defaultConfigurationIsVisible = 0;
			defaultConfigurationName = Release;
		};
/* End XCConfigurationList section */

/* Begin XCRemoteSwiftPackageReference section */
		5043819C2C3A8ACA000ED325 /* XCRemoteSwiftPackageReference "ColorfulX" */ = {
			isa = XCRemoteSwiftPackageReference;
			repositoryURL = "https://github.com/Lakr233/ColorfulX";
			requirement = {
				kind = upToNextMajorVersion;
				minimumVersion = 5.2.0;
			};
		};
		5044EE9A2C3B082300071C5C /* XCRemoteSwiftPackageReference "Pow" */ = {
			isa = XCRemoteSwiftPackageReference;
			repositoryURL = "https://github.com/EmergeTools/Pow";
			requirement = {
				kind = upToNextMajorVersion;
				minimumVersion = 1.0.4;
			};
		};
		5044EEA52C3B174100071C5C /* XCRemoteSwiftPackageReference "swift-collections" */ = {
			isa = XCRemoteSwiftPackageReference;
			repositoryURL = "https://github.com/apple/swift-collections.git";
			requirement = {
				kind = upToNextMajorVersion;
				minimumVersion = 1.1.1;
			};
		};
		504A5D7E2C59EC2D004E8297 /* XCRemoteSwiftPackageReference "LaunchAtLogin-Modern" */ = {
			isa = XCRemoteSwiftPackageReference;
			repositoryURL = "https://github.com/sindresorhus/LaunchAtLogin-Modern";
			requirement = {
				branch = main;
				kind = branch;
			};
		};
/* End XCRemoteSwiftPackageReference section */

/* Begin XCSwiftPackageProductDependency section */
		5043819D2C3A8ACA000ED325 /* ColorfulX */ = {
			isa = XCSwiftPackageProductDependency;
			package = 5043819C2C3A8ACA000ED325 /* XCRemoteSwiftPackageReference "ColorfulX" */;
			productName = ColorfulX;
		};
		5044EE9B2C3B082300071C5C /* Pow */ = {
			isa = XCSwiftPackageProductDependency;
			package = 5044EE9A2C3B082300071C5C /* XCRemoteSwiftPackageReference "Pow" */;
			productName = Pow;
		};
		5044EEA62C3B174100071C5C /* BitCollections */ = {
			isa = XCSwiftPackageProductDependency;
			package = 5044EEA52C3B174100071C5C /* XCRemoteSwiftPackageReference "swift-collections" */;
			productName = BitCollections;
		};
		5044EEA82C3B174100071C5C /* Collections */ = {
			isa = XCSwiftPackageProductDependency;
			package = 5044EEA52C3B174100071C5C /* XCRemoteSwiftPackageReference "swift-collections" */;
			productName = Collections;
		};
		5044EEAA2C3B174100071C5C /* DequeModule */ = {
			isa = XCSwiftPackageProductDependency;
			package = 5044EEA52C3B174100071C5C /* XCRemoteSwiftPackageReference "swift-collections" */;
			productName = DequeModule;
		};
		5044EEAC2C3B174100071C5C /* HashTreeCollections */ = {
			isa = XCSwiftPackageProductDependency;
			package = 5044EEA52C3B174100071C5C /* XCRemoteSwiftPackageReference "swift-collections" */;
			productName = HashTreeCollections;
		};
		5044EEAE2C3B174100071C5C /* HeapModule */ = {
			isa = XCSwiftPackageProductDependency;
			package = 5044EEA52C3B174100071C5C /* XCRemoteSwiftPackageReference "swift-collections" */;
			productName = HeapModule;
		};
		504A5D7F2C59EC2D004E8297 /* LaunchAtLogin */ = {
			isa = XCSwiftPackageProductDependency;
			package = 504A5D7E2C59EC2D004E8297 /* XCRemoteSwiftPackageReference "LaunchAtLogin-Modern" */;
			productName = LaunchAtLogin;
		};
/* End XCSwiftPackageProductDependency section */
	};
	rootObject = 504381782C3A86EA000ED325 /* Project object */;
}
